
Microsoft Visual Studio Solution File, Format Version 12.00
# Visual Studio Version 17
VisualStudioVersion = 17.0.32014.148
MinimumVisualStudioVersion = 10.0.40219.1
Project("{FAE04EC0-301F-11D3-BF4B-00C04F79EFBC}") = "APIVersionDemo", "APIVersionDemo\APIVersionDemo.csproj", "{67900E90-4070-4AEF-9BCE-3858C1B6DD93}"
EndProject
Project("{FAE04EC0-301F-11D3-BF4B-00C04F79EFBC}") = "MinimalApiVersionDemo", "MinimalApiVersionDemo\MinimalApiVersionDemo.csproj", "{8B66A7FC-38B9-4468-9BB5-B62BFFB48C9F}"
EndProject
Global
	GlobalSection(SolutionConfigurationPlatforms) = preSolution
		Debug|Any CPU = Debug|Any CPU
		Release|Any CPU = Release|Any CPU
	EndGlobalSection
	GlobalSection(ProjectConfigurationPlatforms) = postSolution
		{67900E90-4070-4AEF-9BCE-3858C1B6DD93}.Debug|Any CPU.ActiveCfg = Debug|Any CPU
		{67900E90-4070-4AEF-9BCE-3858C1B6DD93}.Debug|Any CPU.Build.0 = Debug|Any CPU
		{67900E90-4070-4AEF-9BCE-3858C1B6DD93}.Release|Any CPU.ActiveCfg = Release|Any CPU
		{67900E90-4070-4AEF-9BCE-3858C1B6DD93}.Release|Any CPU.Build.0 = Release|Any CPU
		{8B66A7FC-38B9-4468-9BB5-B62BFFB48C9F}.Debug|Any CPU.ActiveCfg = Debug|Any CPU
		{8B66A7FC-38B9-4468-9BB5-B62BFFB48C9F}.Debug|Any CPU.Build.0 = Debug|Any CPU
		{8B66A7FC-38B9-4468-9BB5-B62BFFB48C9F}.Release|Any CPU.ActiveCfg = Release|Any CPU
		{8B66A7FC-38B9-4468-9BB5-B62BFFB48C9F}.Release|Any CPU.Build.0 = Release|Any CPU
	EndGlobalSection
	GlobalSection(SolutionProperties) = preSolution
		HideSolutionNode = FALSE
	EndGlobalSection
	GlobalSection(ExtensibilityGlobals) = postSolution
		SolutionGuid = {871EA525-1891-49EB-B119-8F516EF5D00D}
	EndGlobalSection
EndGlobal
